<?xml version="1.0" encoding="utf-8"?>
<Project ToolsVersion="4.0" xmlns="http://schemas.microsoft.com/developer/msbuild/2003">
  <ItemGroup>
    <Filter Include="Source Files">
      <UniqueIdentifier>{4FC737F1-C7A5-4376-A066-2A32D752A2FF}</UniqueIdentifier>
      <Extensions>cpp;c;cc;cxx;def;odl;idl;hpj;bat;asm;asmx</Extensions>
    </Filter>
    <Filter Include="Header Files">
      <UniqueIdentifier>{93995380-89BD-4b04-88EB-625FBE52EBFB}</UniqueIdentifier>
      <Extensions>h;hh;hpp;hxx;hm;inl;inc;xsd</Extensions>
    </Filter>
    <Filter Include="Resource Files">
      <UniqueIdentifier>{67DA6AB6-F800-4c08-8B7A-83BB121AAD01}</UniqueIdentifier>
      <Extensions>rc;ico;cur;bmp;dlg;rc2;rct;bin;rgs;gif;jpg;jpeg;jpe;resx;tiff;tif;png;wav;mfcribbon-ms</Extensions>
    </Filter>
    <Filter Include="Header Files\Includes">
      <UniqueIdentifier>{0581a57a-8e66-4613-8cc4-6a9e5fe3094c}</UniqueIdentifier>
    </Filter>
    <Filter Include="Source Files\Includes">
      <UniqueIdentifier>{2fef9a68-3c60-4195-ba2c-d9c7fb027225}</UniqueIdentifier>
    </Filter>
  </ItemGroup>
  <ItemGroup>
    <ClCompile Include="main.cpp">
      <Filter>Source Files</Filter>
    </ClCompile>
    <ClCompile Include="AppGrid.cpp">
      <Filter>Source Files</Filter>
    </ClCompile>
    <ClCompile Include="AppPlanets.cpp">
      <Filter>Source Files</Filter>
    </ClCompile>
    <ClCompile Include="Camera.cpp">
      <Filter>Source Files</Filter>
    </ClCompile>
    <ClCompile Include="FlyCamera.cpp">
      <Filter>Source Files</Filter>
    </ClCompile>
    <ClCompile Include="Application.cpp">
      <Filter>Source Files</Filter>
    </ClCompile>
    <ClCompile Include="Controller.cpp">
      <Filter>Source Files</Filter>
    </ClCompile>
    <ClCompile Include="AppRenderer.cpp">
      <Filter>Source Files</Filter>
    </ClCompile>
    <ClCompile Include="AppFBX.cpp">
      <Filter>Source Files</Filter>
    </ClCompile>
    <ClCompile Include="..\includes\gl_core_4_4.c">
      <Filter>Source Files\Includes</Filter>
    </ClCompile>
    <ClCompile Include="..\includes\tiny_obj_loader.cc">
      <Filter>Source Files\Includes</Filter>
    </ClCompile>
    <ClCompile Include="..\includes\aie\Gizmos.cpp">
      <Filter>Source Files\Includes</Filter>
    </ClCompile>
  </ItemGroup>
  <ItemGroup>
    <ClInclude Include="Application.h">
      <Filter>Header Files</Filter>
    </ClInclude>
    <ClInclude Include="AppGrid.h">
      <Filter>Header Files</Filter>
    </ClInclude>
    <ClInclude Include="AppPlanets.h">
      <Filter>Header Files</Filter>
    </ClInclude>
    <ClInclude Include="Camera.h">
      <Filter>Header Files</Filter>
    </ClInclude>
    <ClInclude Include="FlyCamera.h">
      <Filter>Header Files</Filter>
    </ClInclude>
    <ClInclude Include="Controller.h">
      <Filter>Header Files</Filter>
    </ClInclude>
    <ClInclude Include="AppRenderer.h">
      <Filter>Header Files</Filter>
    </ClInclude>
    <ClInclude Include="AppFBX.h">
      <Filter>Header Files</Filter>
    </ClInclude>
    <ClInclude Include="..\includes\FBXFile.h">
      <Filter>Header Files\Includes</Filter>
    </ClInclude>
    <ClInclude Include="..\includes\aie\Gizmos.h">
      <Filter>Header Files\Includes</Filter>
    </ClInclude>
    <ClInclude Include="..\includes\gl_core_4_4.h">
      <Filter>Header Files\Includes</Filter>
    </ClInclude>
    <ClInclude Include="..\includes\GLFW\glfw3.h">
      <Filter>Header Files\Includes</Filter>
    </ClInclude>
    <ClInclude Include="..\includes\GLFW\glfw3native.h">
      <Filter>Header Files\Includes</Filter>
    </ClInclude>
    <ClInclude Include="..\includes\glm\glm.hpp">
      <Filter>Header Files\Includes</Filter>
    </ClInclude>
    <ClInclude Include="..\includes\stb_image.h">
      <Filter>Header Files\Includes</Filter>
    </ClInclude>
    <ClInclude Include="..\includes\tiny_obj_loader.h">
      <Filter>Header Files\Includes</Filter>
    </ClInclude>
  </ItemGroup>
</Project>